
Microsoft Visual Studio Solution File, Format Version 12.00
# Visual Studio Version 17
VisualStudioVersion = 17.9.34902.65
MinimumVisualStudioVersion = 10.0.40219.1
Project("{FAE04EC0-301F-11D3-BF4B-00C04F79EFBC}") = "Tubes3_SakedikKasep", "Tubes3_SakedikKasep.csproj", "{C71F9F44-0A01-42EE-A1AD-E6C33133A312}"
EndProject
Global
	GlobalSection(SolutionConfigurationPlatforms) = preSolution
		Debug|Any CPU = Debug|Any CPU
		Release|Any CPU = Release|Any CPU
	EndGlobalSection
	GlobalSection(ProjectConfigurationPlatforms) = postSolution
		{C71F9F44-0A01-42EE-A1AD-E6C33133A312}.Debug|Any CPU.ActiveCfg = Debug|Any CPU
		{C71F9F44-0A01-42EE-A1AD-E6C33133A312}.Debug|Any CPU.Build.0 = Debug|Any CPU
		{C71F9F44-0A01-42EE-A1AD-E6C33133A312}.Release|Any CPU.ActiveCfg = Release|Any CPU
		{C71F9F44-0A01-42EE-A1AD-E6C33133A312}.Release|Any CPU.Build.0 = Release|Any CPU
	EndGlobalSection
	GlobalSection(SolutionProperties) = preSolution
		HideSolutionNode = FALSE
	EndGlobalSection
	GlobalSection(ExtensibilityGlobals) = postSolution
		SolutionGuid = {FF82330E-9564-4801-82CC-95B34954FFEF}
	EndGlobalSection
EndGlobal
